
Microsoft Visual Studio Solution File, Format Version 12.00
# Visual Studio Version 17
VisualStudioVersion = 17.9.34902.65
MinimumVisualStudioVersion = 10.0.40219.1
Project("{FAE04EC0-301F-11D3-BF4B-00C04F79EFBC}") = "Week13SQL", "Week13SQL\Week13SQL.csproj", "{53F33B73-98BB-42DA-B74B-193EB8707AEC}"
EndProject
Global
	GlobalSection(SolutionConfigurationPlatforms) = preSolution
		Debug|Any CPU = Debug|Any CPU
		Release|Any CPU = Release|Any CPU
	EndGlobalSection
	GlobalSection(ProjectConfigurationPlatforms) = postSolution
		{53F33B73-98BB-42DA-B74B-193EB8707AEC}.Debug|Any CPU.ActiveCfg = Debug|Any CPU
		{53F33B73-98BB-42DA-B74B-193EB8707AEC}.Debug|Any CPU.Build.0 = Debug|Any CPU
		{53F33B73-98BB-42DA-B74B-193EB8707AEC}.Release|Any CPU.ActiveCfg = Release|Any CPU
		{53F33B73-98BB-42DA-B74B-193EB8707AEC}.Release|Any CPU.Build.0 = Release|Any CPU
	EndGlobalSection
	GlobalSection(SolutionProperties) = preSolution
		HideSolutionNode = FALSE
	EndGlobalSection
	GlobalSection(ExtensibilityGlobals) = postSolution
		SolutionGuid = {3E4DA68B-F86D-4C90-B8C2-94668E67D30B}
	EndGlobalSection
EndGlobal
